
Microsoft Visual Studio Solution File, Format Version 12.00
# Visual Studio Version 17
VisualStudioVersion = 17.1.32421.90
MinimumVisualStudioVersion = 10.0.40219.1
Project("{FAE04EC0-301F-11D3-BF4B-00C04F79EFBC}") = "twiterTower", "twiterTower.csproj", "{F20E22F6-92CA-4161-B06F-5F91CA68CFB4}"
EndProject
Global
	GlobalSection(SolutionConfigurationPlatforms) = preSolution
		Debug|Any CPU = Debug|Any CPU
		Release|Any CPU = Release|Any CPU
	EndGlobalSection
	GlobalSection(ProjectConfigurationPlatforms) = postSolution
		{F20E22F6-92CA-4161-B06F-5F91CA68CFB4}.Debug|Any CPU.ActiveCfg = Debug|Any CPU
		{F20E22F6-92CA-4161-B06F-5F91CA68CFB4}.Debug|Any CPU.Build.0 = Debug|Any CPU
		{F20E22F6-92CA-4161-B06F-5F91CA68CFB4}.Release|Any CPU.ActiveCfg = Release|Any CPU
		{F20E22F6-92CA-4161-B06F-5F91CA68CFB4}.Release|Any CPU.Build.0 = Release|Any CPU
	EndGlobalSection
	GlobalSection(SolutionProperties) = preSolution
		HideSolutionNode = FALSE
	EndGlobalSection
	GlobalSection(ExtensibilityGlobals) = postSolution
		SolutionGuid = {6626235A-4912-46DE-A6CA-DCD69D20EF6A}
	EndGlobalSection
EndGlobal
